PODS:
  - Flutter (1.0.0)
  - flutter_icmp_ping (0.0.1):
    - Flutter
  - gateway (0.0.1):
    - Flutter
  - wifi (0.0.1):
    - Flutter

DEPENDENCIES:
  - Flutter (from `Flutter`)
  - flutter_icmp_ping (from `.symlinks/plugins/flutter_icmp_ping/ios`)
  - gateway (from `.symlinks/plugins/gateway/ios`)
  - wifi (from `.symlinks/plugins/wifi/ios`)

EXTERNAL SOURCES:
  Flutter:
    :path: Flutter
  flutter_icmp_ping:
    :path: ".symlinks/plugins/flutter_icmp_ping/ios"
  gateway:
    :path: ".symlinks/plugins/gateway/ios"
  wifi:
    :path: ".symlinks/plugins/wifi/ios"

SPEC CHECKSUMS:
  Flutter: 0e3d915762c693b495b44d77113d4970485de6ec
  flutter_icmp_ping: 07e508847df7fa9262d050bb0b203de074bbe517
  gateway: b001fc71611f772be53869f04a550013a910ce73
  wifi: d7d77c94109e36c4175d845f0a5964eadba71060

PODFILE CHECKSUM: aafe91acc616949ddb318b77800a7f51bffa2a4c

COCOAPODS: 1.10.1
